
Microsoft Visual Studio Solution File, Format Version 12.00
# Visual Studio 15
VisualStudioVersion = 15.0.26730.15
MinimumVisualStudioVersion = 10.0.40219.1
Project("{FAE04EC0-301F-11D3-BF4B-00C04F79EFBC}") = "1001. A+B Format", "1001. A+B Format\1001. A+B Format.csproj", "{D860EB30-707D-4FFF-8FB4-2B0C3615824C}"
EndProject
Global
	GlobalSection(SolutionConfigurationPlatforms) = preSolution
		Debug|Any CPU = Debug|Any CPU
		Release|Any CPU = Release|Any CPU
	EndGlobalSection
	GlobalSection(ProjectConfigurationPlatforms) = postSolution
		{D860EB30-707D-4FFF-8FB4-2B0C3615824C}.Debug|Any CPU.ActiveCfg = Debug|Any CPU
		{D860EB30-707D-4FFF-8FB4-2B0C3615824C}.Debug|Any CPU.Build.0 = Debug|Any CPU
		{D860EB30-707D-4FFF-8FB4-2B0C3615824C}.Release|Any CPU.ActiveCfg = Release|Any CPU
		{D860EB30-707D-4FFF-8FB4-2B0C3615824C}.Release|Any CPU.Build.0 = Release|Any CPU
	EndGlobalSection
	GlobalSection(SolutionProperties) = preSolution
		HideSolutionNode = FALSE
	EndGlobalSection
	GlobalSection(ExtensibilityGlobals) = postSolution
		SolutionGuid = {BFD19333-4EC9-4618-8B34-B3D12D40DAAE}
	EndGlobalSection
EndGlobal
