
Microsoft Visual Studio Solution File, Format Version 12.00
# Visual Studio 15
VisualStudioVersion = 15.0.27004.2005
MinimumVisualStudioVersion = 10.0.40219.1
Project("{FAE04EC0-301F-11D3-BF4B-00C04F79EFBC}") = "1001. A+B Format", "1001. A+B Format\1001. A+B Format.csproj", "{D860EB30-707D-4FFF-8FB4-2B0C3615824C}"
EndProject
Project("{FAE04EC0-301F-11D3-BF4B-00C04F79EFBC}") = "1002. A+B for Polynomials", "1002. A+B for Polynomials\1002. A+B for Polynomials.csproj", "{2CCC5D1C-2753-46C8-B368-79B0AE426823}"
EndProject
Project("{FAE04EC0-301F-11D3-BF4B-00C04F79EFBC}") = "1003. Emergency", "1003. Emergency\1003. Emergency.csproj", "{0D167345-081C-4E5B-B267-E79C77021251}"
EndProject
Project("{FAE04EC0-301F-11D3-BF4B-00C04F79EFBC}") = "1004. Counting Leaves", "1004. Counting Leaves\1004. Counting Leaves.csproj", "{5921E65B-6FDF-4E41-90D0-21F4D3B0E851}"
EndProject
Project("{8BC9CEB8-8B4A-11D0-8D11-00A0C91BC942}") = "1004Alternative", "1004Alternative\1004Alternative.vcxproj", "{93FAFD8F-44BA-4914-B084-6F8D173ABDC5}"
EndProject
Project("{8BC9CEB8-8B4A-11D0-8D11-00A0C91BC942}") = "1005. Spell It Right", "1005. Spell It Right\1005. Spell It Right.vcxproj", "{700688EF-C4AA-4B48-87C2-54485DEB2CA0}"
EndProject
Project("{8BC9CEB8-8B4A-11D0-8D11-00A0C91BC942}") = "1006. Sign In and Sign Out", "1006. Sign In and Sign Out\1006. Sign In and Sign Out.vcxproj", "{261CAC13-FF10-47C3-876A-DC8B9F0A042F}"
EndProject
Project("{FAE04EC0-301F-11D3-BF4B-00C04F79EFBC}") = "1006. Sign In and Sign Out_sharp", "1006. Sign In and Sign Out_sharp\1006. Sign In and Sign Out_sharp.csproj", "{38F5A6D0-8AB9-4E9F-80B2-F7B14A6D5DD5}"
EndProject
Project("{8BC9CEB8-8B4A-11D0-8D11-00A0C91BC942}") = "1007. Maximum Subsequence Sum", "1007. Maximum Subsequence Sum\1007. Maximum Subsequence Sum.vcxproj", "{7EA278D6-F856-4556-81B3-D83F95072028}"
EndProject
Project("{8BC9CEB8-8B4A-11D0-8D11-00A0C91BC942}") = "1008. Elevator", "1008. Elevator\1008. Elevator.vcxproj", "{46830359-9D0C-4353-9618-B3486909AFB6}"
EndProject
Project("{8BC9CEB8-8B4A-11D0-8D11-00A0C91BC942}") = "1009. Product of Polynomials", "1009. Product of Polynomials\1009. Product of Polynomials.vcxproj", "{CFADA35D-B449-4F08-A42A-ADF8E66F62B9}"
EndProject
Project("{8BC9CEB8-8B4A-11D0-8D11-00A0C91BC942}") = "1010. Radix", "1010. Radix\1010. Radix.vcxproj", "{166558F1-CE85-484C-836C-A2C766EEC876}"
EndProject
Project("{8BC9CEB8-8B4A-11D0-8D11-00A0C91BC942}") = "1011. World Cup Betting", "1011. World Cup Betting\1011. World Cup Betting.vcxproj", "{EC2692A2-7E0C-4493-ADCB-45BE7DE8E47F}"
EndProject
Project("{8BC9CEB8-8B4A-11D0-8D11-00A0C91BC942}") = "1012. The Best Rank", "1012. The Best Rank\1012. The Best Rank.vcxproj", "{E4525C6D-51DE-4611-A4E2-CDCE84940405}"
EndProject
Project("{FAE04EC0-301F-11D3-BF4B-00C04F79EFBC}") = "0.Test", "0.Test\0.Test.csproj", "{001FF830-BC8E-4B20-B608-066534BB3D18}"
EndProject
Global
	GlobalSection(SolutionConfigurationPlatforms) = preSolution
		Debug|Any CPU = Debug|Any CPU
		Debug|x64 = Debug|x64
		Debug|x86 = Debug|x86
		Release|Any CPU = Release|Any CPU
		Release|x64 = Release|x64
		Release|x86 = Release|x86
	EndGlobalSection
	GlobalSection(ProjectConfigurationPlatforms) = postSolution
		{D860EB30-707D-4FFF-8FB4-2B0C3615824C}.Debug|Any CPU.ActiveCfg = Debug|Any CPU
		{D860EB30-707D-4FFF-8FB4-2B0C3615824C}.Debug|Any CPU.Build.0 = Debug|Any CPU
		{D860EB30-707D-4FFF-8FB4-2B0C3615824C}.Debug|x64.ActiveCfg = Debug|Any CPU
		{D860EB30-707D-4FFF-8FB4-2B0C3615824C}.Debug|x64.Build.0 = Debug|Any CPU
		{D860EB30-707D-4FFF-8FB4-2B0C3615824C}.Debug|x86.ActiveCfg = Debug|Any CPU
		{D860EB30-707D-4FFF-8FB4-2B0C3615824C}.Debug|x86.Build.0 = Debug|Any CPU
		{D860EB30-707D-4FFF-8FB4-2B0C3615824C}.Release|Any CPU.ActiveCfg = Release|Any CPU
		{D860EB30-707D-4FFF-8FB4-2B0C3615824C}.Release|Any CPU.Build.0 = Release|Any CPU
		{D860EB30-707D-4FFF-8FB4-2B0C3615824C}.Release|x64.ActiveCfg = Release|Any CPU
		{D860EB30-707D-4FFF-8FB4-2B0C3615824C}.Release|x64.Build.0 = Release|Any CPU
		{D860EB30-707D-4FFF-8FB4-2B0C3615824C}.Release|x86.ActiveCfg = Release|Any CPU
		{D860EB30-707D-4FFF-8FB4-2B0C3615824C}.Release|x86.Build.0 = Release|Any CPU
		{2CCC5D1C-2753-46C8-B368-79B0AE426823}.Debug|Any CPU.ActiveCfg = Debug|Any CPU
		{2CCC5D1C-2753-46C8-B368-79B0AE426823}.Debug|Any CPU.Build.0 = Debug|Any CPU
		{2CCC5D1C-2753-46C8-B368-79B0AE426823}.Debug|x64.ActiveCfg = Debug|Any CPU
		{2CCC5D1C-2753-46C8-B368-79B0AE426823}.Debug|x64.Build.0 = Debug|Any CPU
		{2CCC5D1C-2753-46C8-B368-79B0AE426823}.Debug|x86.ActiveCfg = Debug|Any CPU
		{2CCC5D1C-2753-46C8-B368-79B0AE426823}.Debug|x86.Build.0 = Debug|Any CPU
		{2CCC5D1C-2753-46C8-B368-79B0AE426823}.Release|Any CPU.ActiveCfg = Release|Any CPU
		{2CCC5D1C-2753-46C8-B368-79B0AE426823}.Release|Any CPU.Build.0 = Release|Any CPU
		{2CCC5D1C-2753-46C8-B368-79B0AE426823}.Release|x64.ActiveCfg = Release|Any CPU
		{2CCC5D1C-2753-46C8-B368-79B0AE426823}.Release|x64.Build.0 = Release|Any CPU
		{2CCC5D1C-2753-46C8-B368-79B0AE426823}.Release|x86.ActiveCfg = Release|Any CPU
		{2CCC5D1C-2753-46C8-B368-79B0AE426823}.Release|x86.Build.0 = Release|Any CPU
		{0D167345-081C-4E5B-B267-E79C77021251}.Debug|Any CPU.ActiveCfg = Debug|Any CPU
		{0D167345-081C-4E5B-B267-E79C77021251}.Debug|Any CPU.Build.0 = Debug|Any CPU
		{0D167345-081C-4E5B-B267-E79C77021251}.Debug|x64.ActiveCfg = Debug|Any CPU
		{0D167345-081C-4E5B-B267-E79C77021251}.Debug|x64.Build.0 = Debug|Any CPU
		{0D167345-081C-4E5B-B267-E79C77021251}.Debug|x86.ActiveCfg = Debug|Any CPU
		{0D167345-081C-4E5B-B267-E79C77021251}.Debug|x86.Build.0 = Debug|Any CPU
		{0D167345-081C-4E5B-B267-E79C77021251}.Release|Any CPU.ActiveCfg = Release|Any CPU
		{0D167345-081C-4E5B-B267-E79C77021251}.Release|Any CPU.Build.0 = Release|Any CPU
		{0D167345-081C-4E5B-B267-E79C77021251}.Release|x64.ActiveCfg = Release|Any CPU
		{0D167345-081C-4E5B-B267-E79C77021251}.Release|x64.Build.0 = Release|Any CPU
		{0D167345-081C-4E5B-B267-E79C77021251}.Release|x86.ActiveCfg = Release|Any CPU
		{0D167345-081C-4E5B-B267-E79C77021251}.Release|x86.Build.0 = Release|Any CPU
		{5921E65B-6FDF-4E41-90D0-21F4D3B0E851}.Debug|Any CPU.ActiveCfg = Debug|Any CPU
		{5921E65B-6FDF-4E41-90D0-21F4D3B0E851}.Debug|Any CPU.Build.0 = Debug|Any CPU
		{5921E65B-6FDF-4E41-90D0-21F4D3B0E851}.Debug|x64.ActiveCfg = Debug|Any CPU
		{5921E65B-6FDF-4E41-90D0-21F4D3B0E851}.Debug|x64.Build.0 = Debug|Any CPU
		{5921E65B-6FDF-4E41-90D0-21F4D3B0E851}.Debug|x86.ActiveCfg = Debug|Any CPU
		{5921E65B-6FDF-4E41-90D0-21F4D3B0E851}.Debug|x86.Build.0 = Debug|Any CPU
		{5921E65B-6FDF-4E41-90D0-21F4D3B0E851}.Release|Any CPU.ActiveCfg = Release|Any CPU
		{5921E65B-6FDF-4E41-90D0-21F4D3B0E851}.Release|Any CPU.Build.0 = Release|Any CPU
		{5921E65B-6FDF-4E41-90D0-21F4D3B0E851}.Release|x64.ActiveCfg = Release|Any CPU
		{5921E65B-6FDF-4E41-90D0-21F4D3B0E851}.Release|x64.Build.0 = Release|Any CPU
		{5921E65B-6FDF-4E41-90D0-21F4D3B0E851}.Release|x86.ActiveCfg = Release|Any CPU
		{5921E65B-6FDF-4E41-90D0-21F4D3B0E851}.Release|x86.Build.0 = Release|Any CPU
		{93FAFD8F-44BA-4914-B084-6F8D173ABDC5}.Debug|Any CPU.ActiveCfg = Debug|Win32
		{93FAFD8F-44BA-4914-B084-6F8D173ABDC5}.Debug|Any CPU.Build.0 = Debug|Win32
		{93FAFD8F-44BA-4914-B084-6F8D173ABDC5}.Debug|x64.ActiveCfg = Debug|x64
		{93FAFD8F-44BA-4914-B084-6F8D173ABDC5}.Debug|x64.Build.0 = Debug|x64
		{93FAFD8F-44BA-4914-B084-6F8D173ABDC5}.Debug|x86.ActiveCfg = Debug|Win32
		{93FAFD8F-44BA-4914-B084-6F8D173ABDC5}.Debug|x86.Build.0 = Debug|Win32
		{93FAFD8F-44BA-4914-B084-6F8D173ABDC5}.Release|Any CPU.ActiveCfg = Release|Win32
		{93FAFD8F-44BA-4914-B084-6F8D173ABDC5}.Release|x64.ActiveCfg = Release|x64
		{93FAFD8F-44BA-4914-B084-6F8D173ABDC5}.Release|x64.Build.0 = Release|x64
		{93FAFD8F-44BA-4914-B084-6F8D173ABDC5}.Release|x86.ActiveCfg = Release|Win32
		{93FAFD8F-44BA-4914-B084-6F8D173ABDC5}.Release|x86.Build.0 = Release|Win32
		{700688EF-C4AA-4B48-87C2-54485DEB2CA0}.Debug|Any CPU.ActiveCfg = Debug|Win32
		{700688EF-C4AA-4B48-87C2-54485DEB2CA0}.Debug|Any CPU.Build.0 = Debug|Win32
		{700688EF-C4AA-4B48-87C2-54485DEB2CA0}.Debug|x64.ActiveCfg = Debug|x64
		{700688EF-C4AA-4B48-87C2-54485DEB2CA0}.Debug|x64.Build.0 = Debug|x64
		{700688EF-C4AA-4B48-87C2-54485DEB2CA0}.Debug|x86.ActiveCfg = Debug|Win32
		{700688EF-C4AA-4B48-87C2-54485DEB2CA0}.Debug|x86.Build.0 = Debug|Win32
		{700688EF-C4AA-4B48-87C2-54485DEB2CA0}.Release|Any CPU.ActiveCfg = Release|Win32
		{700688EF-C4AA-4B48-87C2-54485DEB2CA0}.Release|x64.ActiveCfg = Release|x64
		{700688EF-C4AA-4B48-87C2-54485DEB2CA0}.Release|x64.Build.0 = Release|x64
		{700688EF-C4AA-4B48-87C2-54485DEB2CA0}.Release|x86.ActiveCfg = Release|Win32
		{700688EF-C4AA-4B48-87C2-54485DEB2CA0}.Release|x86.Build.0 = Release|Win32
		{261CAC13-FF10-47C3-876A-DC8B9F0A042F}.Debug|Any CPU.ActiveCfg = Debug|Win32
		{261CAC13-FF10-47C3-876A-DC8B9F0A042F}.Debug|Any CPU.Build.0 = Debug|Win32
		{261CAC13-FF10-47C3-876A-DC8B9F0A042F}.Debug|x64.ActiveCfg = Debug|x64
		{261CAC13-FF10-47C3-876A-DC8B9F0A042F}.Debug|x64.Build.0 = Debug|x64
		{261CAC13-FF10-47C3-876A-DC8B9F0A042F}.Debug|x86.ActiveCfg = Debug|Win32
		{261CAC13-FF10-47C3-876A-DC8B9F0A042F}.Debug|x86.Build.0 = Debug|Win32
		{261CAC13-FF10-47C3-876A-DC8B9F0A042F}.Release|Any CPU.ActiveCfg = Release|Win32
		{261CAC13-FF10-47C3-876A-DC8B9F0A042F}.Release|x64.ActiveCfg = Release|x64
		{261CAC13-FF10-47C3-876A-DC8B9F0A042F}.Release|x64.Build.0 = Release|x64
		{261CAC13-FF10-47C3-876A-DC8B9F0A042F}.Release|x86.ActiveCfg = Release|Win32
		{261CAC13-FF10-47C3-876A-DC8B9F0A042F}.Release|x86.Build.0 = Release|Win32
		{38F5A6D0-8AB9-4E9F-80B2-F7B14A6D5DD5}.Debug|Any CPU.ActiveCfg = Debug|Any CPU
		{38F5A6D0-8AB9-4E9F-80B2-F7B14A6D5DD5}.Debug|Any CPU.Build.0 = Debug|Any CPU
		{38F5A6D0-8AB9-4E9F-80B2-F7B14A6D5DD5}.Debug|x64.ActiveCfg = Debug|Any CPU
		{38F5A6D0-8AB9-4E9F-80B2-F7B14A6D5DD5}.Debug|x64.Build.0 = Debug|Any CPU
		{38F5A6D0-8AB9-4E9F-80B2-F7B14A6D5DD5}.Debug|x86.ActiveCfg = Debug|Any CPU
		{38F5A6D0-8AB9-4E9F-80B2-F7B14A6D5DD5}.Debug|x86.Build.0 = Debug|Any CPU
		{38F5A6D0-8AB9-4E9F-80B2-F7B14A6D5DD5}.Release|Any CPU.ActiveCfg = Release|Any CPU
		{38F5A6D0-8AB9-4E9F-80B2-F7B14A6D5DD5}.Release|Any CPU.Build.0 = Release|Any CPU
		{38F5A6D0-8AB9-4E9F-80B2-F7B14A6D5DD5}.Release|x64.ActiveCfg = Release|Any CPU
		{38F5A6D0-8AB9-4E9F-80B2-F7B14A6D5DD5}.Release|x64.Build.0 = Release|Any CPU
		{38F5A6D0-8AB9-4E9F-80B2-F7B14A6D5DD5}.Release|x86.ActiveCfg = Release|Any CPU
		{38F5A6D0-8AB9-4E9F-80B2-F7B14A6D5DD5}.Release|x86.Build.0 = Release|Any CPU
		{7EA278D6-F856-4556-81B3-D83F95072028}.Debug|Any CPU.ActiveCfg = Debug|Win32
		{7EA278D6-F856-4556-81B3-D83F95072028}.Debug|Any CPU.Build.0 = Debug|Win32
		{7EA278D6-F856-4556-81B3-D83F95072028}.Debug|x64.ActiveCfg = Debug|x64
		{7EA278D6-F856-4556-81B3-D83F95072028}.Debug|x64.Build.0 = Debug|x64
		{7EA278D6-F856-4556-81B3-D83F95072028}.Debug|x86.ActiveCfg = Debug|Win32
		{7EA278D6-F856-4556-81B3-D83F95072028}.Debug|x86.Build.0 = Debug|Win32
		{7EA278D6-F856-4556-81B3-D83F95072028}.Release|Any CPU.ActiveCfg = Release|Win32
		{7EA278D6-F856-4556-81B3-D83F95072028}.Release|x64.ActiveCfg = Release|x64
		{7EA278D6-F856-4556-81B3-D83F95072028}.Release|x64.Build.0 = Release|x64
		{7EA278D6-F856-4556-81B3-D83F95072028}.Release|x86.ActiveCfg = Release|Win32
		{7EA278D6-F856-4556-81B3-D83F95072028}.Release|x86.Build.0 = Release|Win32
		{46830359-9D0C-4353-9618-B3486909AFB6}.Debug|Any CPU.ActiveCfg = Debug|Win32
		{46830359-9D0C-4353-9618-B3486909AFB6}.Debug|Any CPU.Build.0 = Debug|Win32
		{46830359-9D0C-4353-9618-B3486909AFB6}.Debug|x64.ActiveCfg = Debug|x64
		{46830359-9D0C-4353-9618-B3486909AFB6}.Debug|x64.Build.0 = Debug|x64
		{46830359-9D0C-4353-9618-B3486909AFB6}.Debug|x86.ActiveCfg = Debug|Win32
		{46830359-9D0C-4353-9618-B3486909AFB6}.Debug|x86.Build.0 = Debug|Win32
		{46830359-9D0C-4353-9618-B3486909AFB6}.Release|Any CPU.ActiveCfg = Release|Win32
		{46830359-9D0C-4353-9618-B3486909AFB6}.Release|x64.ActiveCfg = Release|x64
		{46830359-9D0C-4353-9618-B3486909AFB6}.Release|x64.Build.0 = Release|x64
		{46830359-9D0C-4353-9618-B3486909AFB6}.Release|x86.ActiveCfg = Release|Win32
		{46830359-9D0C-4353-9618-B3486909AFB6}.Release|x86.Build.0 = Release|Win32
		{CFADA35D-B449-4F08-A42A-ADF8E66F62B9}.Debug|Any CPU.ActiveCfg = Debug|Win32
		{CFADA35D-B449-4F08-A42A-ADF8E66F62B9}.Debug|Any CPU.Build.0 = Debug|Win32
		{CFADA35D-B449-4F08-A42A-ADF8E66F62B9}.Debug|x64.ActiveCfg = Debug|x64
		{CFADA35D-B449-4F08-A42A-ADF8E66F62B9}.Debug|x64.Build.0 = Debug|x64
		{CFADA35D-B449-4F08-A42A-ADF8E66F62B9}.Debug|x86.ActiveCfg = Debug|Win32
		{CFADA35D-B449-4F08-A42A-ADF8E66F62B9}.Debug|x86.Build.0 = Debug|Win32
		{CFADA35D-B449-4F08-A42A-ADF8E66F62B9}.Release|Any CPU.ActiveCfg = Release|Win32
		{CFADA35D-B449-4F08-A42A-ADF8E66F62B9}.Release|x64.ActiveCfg = Release|x64
		{CFADA35D-B449-4F08-A42A-ADF8E66F62B9}.Release|x64.Build.0 = Release|x64
		{CFADA35D-B449-4F08-A42A-ADF8E66F62B9}.Release|x86.ActiveCfg = Release|Win32
		{CFADA35D-B449-4F08-A42A-ADF8E66F62B9}.Release|x86.Build.0 = Release|Win32
		{166558F1-CE85-484C-836C-A2C766EEC876}.Debug|Any CPU.ActiveCfg = Debug|Win32
		{166558F1-CE85-484C-836C-A2C766EEC876}.Debug|x64.ActiveCfg = Debug|x64
		{166558F1-CE85-484C-836C-A2C766EEC876}.Debug|x64.Build.0 = Debug|x64
		{166558F1-CE85-484C-836C-A2C766EEC876}.Debug|x86.ActiveCfg = Debug|Win32
		{166558F1-CE85-484C-836C-A2C766EEC876}.Debug|x86.Build.0 = Debug|Win32
		{166558F1-CE85-484C-836C-A2C766EEC876}.Release|Any CPU.ActiveCfg = Release|Win32
		{166558F1-CE85-484C-836C-A2C766EEC876}.Release|x64.ActiveCfg = Release|x64
		{166558F1-CE85-484C-836C-A2C766EEC876}.Release|x64.Build.0 = Release|x64
		{166558F1-CE85-484C-836C-A2C766EEC876}.Release|x86.ActiveCfg = Release|Win32
		{166558F1-CE85-484C-836C-A2C766EEC876}.Release|x86.Build.0 = Release|Win32
		{EC2692A2-7E0C-4493-ADCB-45BE7DE8E47F}.Debug|Any CPU.ActiveCfg = Debug|Win32
		{EC2692A2-7E0C-4493-ADCB-45BE7DE8E47F}.Debug|x64.ActiveCfg = Debug|x64
		{EC2692A2-7E0C-4493-ADCB-45BE7DE8E47F}.Debug|x64.Build.0 = Debug|x64
		{EC2692A2-7E0C-4493-ADCB-45BE7DE8E47F}.Debug|x86.ActiveCfg = Debug|Win32
		{EC2692A2-7E0C-4493-ADCB-45BE7DE8E47F}.Debug|x86.Build.0 = Debug|Win32
		{EC2692A2-7E0C-4493-ADCB-45BE7DE8E47F}.Release|Any CPU.ActiveCfg = Release|Win32
		{EC2692A2-7E0C-4493-ADCB-45BE7DE8E47F}.Release|x64.ActiveCfg = Release|x64
		{EC2692A2-7E0C-4493-ADCB-45BE7DE8E47F}.Release|x64.Build.0 = Release|x64
		{EC2692A2-7E0C-4493-ADCB-45BE7DE8E47F}.Release|x86.ActiveCfg = Release|Win32
		{EC2692A2-7E0C-4493-ADCB-45BE7DE8E47F}.Release|x86.Build.0 = Release|Win32
		{E4525C6D-51DE-4611-A4E2-CDCE84940405}.Debug|Any CPU.ActiveCfg = Debug|Win32
		{E4525C6D-51DE-4611-A4E2-CDCE84940405}.Debug|x64.ActiveCfg = Debug|x64
		{E4525C6D-51DE-4611-A4E2-CDCE84940405}.Debug|x64.Build.0 = Debug|x64
		{E4525C6D-51DE-4611-A4E2-CDCE84940405}.Debug|x86.ActiveCfg = Debug|Win32
		{E4525C6D-51DE-4611-A4E2-CDCE84940405}.Debug|x86.Build.0 = Debug|Win32
		{E4525C6D-51DE-4611-A4E2-CDCE84940405}.Release|Any CPU.ActiveCfg = Release|Win32
		{E4525C6D-51DE-4611-A4E2-CDCE84940405}.Release|x64.ActiveCfg = Release|x64
		{E4525C6D-51DE-4611-A4E2-CDCE84940405}.Release|x64.Build.0 = Release|x64
		{E4525C6D-51DE-4611-A4E2-CDCE84940405}.Release|x86.ActiveCfg = Release|Win32
		{E4525C6D-51DE-4611-A4E2-CDCE84940405}.Release|x86.Build.0 = Release|Win32
		{001FF830-BC8E-4B20-B608-066534BB3D18}.Debug|Any CPU.ActiveCfg = Debug|Any CPU
		{001FF830-BC8E-4B20-B608-066534BB3D18}.Debug|Any CPU.Build.0 = Debug|Any CPU
		{001FF830-BC8E-4B20-B608-066534BB3D18}.Debug|x64.ActiveCfg = Debug|Any CPU
		{001FF830-BC8E-4B20-B608-066534BB3D18}.Debug|x64.Build.0 = Debug|Any CPU
		{001FF830-BC8E-4B20-B608-066534BB3D18}.Debug|x86.ActiveCfg = Debug|Any CPU
		{001FF830-BC8E-4B20-B608-066534BB3D18}.Debug|x86.Build.0 = Debug|Any CPU
		{001FF830-BC8E-4B20-B608-066534BB3D18}.Release|Any CPU.ActiveCfg = Release|Any CPU
		{001FF830-BC8E-4B20-B608-066534BB3D18}.Release|Any CPU.Build.0 = Release|Any CPU
		{001FF830-BC8E-4B20-B608-066534BB3D18}.Release|x64.ActiveCfg = Release|Any CPU
		{001FF830-BC8E-4B20-B608-066534BB3D18}.Release|x64.Build.0 = Release|Any CPU
		{001FF830-BC8E-4B20-B608-066534BB3D18}.Release|x86.ActiveCfg = Release|Any CPU
		{001FF830-BC8E-4B20-B608-066534BB3D18}.Release|x86.Build.0 = Release|Any CPU
	EndGlobalSection
	GlobalSection(SolutionProperties) = preSolution
		HideSolutionNode = FALSE
	EndGlobalSection
	GlobalSection(ExtensibilityGlobals) = postSolution
		SolutionGuid = {BFD19333-4EC9-4618-8B34-B3D12D40DAAE}
	EndGlobalSection
EndGlobal
